
Microsoft Visual Studio Solution File, Format Version 12.00
# Visual Studio 15
VisualStudioVersion = 15.0.27130.2027
MinimumVisualStudioVersion = 10.0.40219.1
Project("{FAE04EC0-301F-11D3-BF4B-00C04F79EFBC}") = "Pacman", "Pacman\Pacman.csproj", "{547E8792-A045-4431-9D19-FC8021202C31}"
EndProject
Global
	GlobalSection(SolutionConfigurationPlatforms) = preSolution
		Debug|x86 = Debug|x86
		Release|x86 = Release|x86
	EndGlobalSection
	GlobalSection(ProjectConfigurationPlatforms) = postSolution
		{547E8792-A045-4431-9D19-FC8021202C31}.Debug|x86.ActiveCfg = Debug|x86
		{547E8792-A045-4431-9D19-FC8021202C31}.Debug|x86.Build.0 = Debug|x86
		{547E8792-A045-4431-9D19-FC8021202C31}.Release|x86.ActiveCfg = Release|x86
		{547E8792-A045-4431-9D19-FC8021202C31}.Release|x86.Build.0 = Release|x86
	EndGlobalSection
	GlobalSection(SolutionProperties) = preSolution
		HideSolutionNode = FALSE
	EndGlobalSection
	GlobalSection(ExtensibilityGlobals) = postSolution
		SolutionGuid = {86ED4D27-C532-4E31-9ECC-81FC3B1B744F}
	EndGlobalSection
EndGlobal
